
Microsoft Visual Studio Solution File, Format Version 12.00
# Visual Studio Version 17
VisualStudioVersion = 17.0.32112.339
MinimumVisualStudioVersion = 10.0.40219.1
Project("{FAE04EC0-301F-11D3-BF4B-00C04F79EFBC}") = "BlazorApp_SpreadsheetDocumentAPI", "BlazorApp_SpreadsheetDocumentAPI\BlazorApp_SpreadsheetDocumentAPI.csproj", "{B3FF34DA-4D27-44D8-AFD3-5C048CC9A8B6}"
EndProject
Global
	GlobalSection(SolutionConfigurationPlatforms) = preSolution
		Debug|Any CPU = Debug|Any CPU
		Release|Any CPU = Release|Any CPU
	EndGlobalSection
	GlobalSection(ProjectConfigurationPlatforms) = postSolution
		{B3FF34DA-4D27-44D8-AFD3-5C048CC9A8B6}.Debug|Any CPU.ActiveCfg = Debug|Any CPU
		{B3FF34DA-4D27-44D8-AFD3-5C048CC9A8B6}.Debug|Any CPU.Build.0 = Debug|Any CPU
		{B3FF34DA-4D27-44D8-AFD3-5C048CC9A8B6}.Release|Any CPU.ActiveCfg = Release|Any CPU
		{B3FF34DA-4D27-44D8-AFD3-5C048CC9A8B6}.Release|Any CPU.Build.0 = Release|Any CPU
	EndGlobalSection
	GlobalSection(SolutionProperties) = preSolution
		HideSolutionNode = FALSE
	EndGlobalSection
	GlobalSection(ExtensibilityGlobals) = postSolution
		SolutionGuid = {12E3DE5D-A7A6-4D6A-95B1-F9FD213B0B42}
	EndGlobalSection
EndGlobal
